
Microsoft Visual Studio Solution File, Format Version 12.00
# Visual Studio Version 16
VisualStudioVersion = 16.0.30523.141
MinimumVisualStudioVersion = 10.0.40219.1
Project("{FAE04EC0-301F-11D3-BF4B-00C04F79EFBC}") = "FlipCoin", "FlipCoin\FlipCoin.csproj", "{B56FDC19-07CB-40DD-A610-E19B11E9A593}"
EndProject
Global
	GlobalSection(SolutionConfigurationPlatforms) = preSolution
		Debug|Any CPU = Debug|Any CPU
		Release|Any CPU = Release|Any CPU
	EndGlobalSection
	GlobalSection(ProjectConfigurationPlatforms) = postSolution
		{B56FDC19-07CB-40DD-A610-E19B11E9A593}.Debug|Any CPU.ActiveCfg = Debug|Any CPU
		{B56FDC19-07CB-40DD-A610-E19B11E9A593}.Debug|Any CPU.Build.0 = Debug|Any CPU
		{B56FDC19-07CB-40DD-A610-E19B11E9A593}.Release|Any CPU.ActiveCfg = Release|Any CPU
		{B56FDC19-07CB-40DD-A610-E19B11E9A593}.Release|Any CPU.Build.0 = Release|Any CPU
	EndGlobalSection
	GlobalSection(SolutionProperties) = preSolution
		HideSolutionNode = FALSE
	EndGlobalSection
	GlobalSection(ExtensibilityGlobals) = postSolution
		SolutionGuid = {BF74EE9E-1AFB-4607-9962-358B238C9099}
	EndGlobalSection
EndGlobal
